// !$*UTF8*$!
{
	archiveVersion = 1;
	classes = {
	};
	objectVersion = 77;
	objects = {

/* Begin PBXBuildFile section */
		0A3E67BC2DA44B6F0032AAB2 /* MainMenuViewController.swift in Sources */ = {isa = PBXBuildFile; fileRef = 0A3E67BB2DA44B6F0032AAB2 /* MainMenuViewController.swift */; };
		0A60E16A2D930F9D00CA6AC5 /* Fish.swift in Sources */ = {isa = PBXBuildFile; fileRef = 0A60E1552D930F9D00CA6AC5 /* Fish.swift */; };
		0A60E16B2D930F9D00CA6AC5 /* AquariumViewController.swift in Sources */ = {isa = PBXBuildFile; fileRef = 0A60E1572D930F9D00CA6AC5 /* AquariumViewController.swift */; };
		0A60E16C2D930F9D00CA6AC5 /* FishCaughtViewController.swift in Sources */ = {isa = PBXBuildFile; fileRef = 0A60E1582D930F9D00CA6AC5 /* FishCaughtViewController.swift */; };
		0A60E16D2D930F9D00CA6AC5 /* FishingScreenViewController.swift in Sources */ = {isa = PBXBuildFile; fileRef = 0A60E1592D930F9D00CA6AC5 /* FishingScreenViewController.swift */; };
		0A60E16E2D930F9D00CA6AC5 /* SummaryScreenViewController.swift in Sources */ = {isa = PBXBuildFile; fileRef = 0A60E15A2D930F9D00CA6AC5 /* SummaryScreenViewController.swift */; };
		0A60E16F2D930F9D00CA6AC5 /* AppDelegate.swift in Sources */ = {isa = PBXBuildFile; fileRef = 0A60E15C2D930F9D00CA6AC5 /* AppDelegate.swift */; };
		0A60E1702D930F9D00CA6AC5 /* CaughtFishTableViewCell.swift in Sources */ = {isa = PBXBuildFile; fileRef = 0A60E15E2D930F9D00CA6AC5 /* CaughtFishTableViewCell.swift */; };
		0A60E1712D930F9D00CA6AC5 /* CustomTimers.swift in Sources */ = {isa = PBXBuildFile; fileRef = 0A60E15F2D930F9D00CA6AC5 /* CustomTimers.swift */; };
		0A60E1722D930F9D00CA6AC5 /* Double+Extensions.swift in Sources */ = {isa = PBXBuildFile; fileRef = 0A60E1602D930F9D00CA6AC5 /* Double+Extensions.swift */; };
		0A60E1732D930F9D00CA6AC5 /* SceneDelegate.swift in Sources */ = {isa = PBXBuildFile; fileRef = 0A60E1662D930F9D00CA6AC5 /* SceneDelegate.swift */; };
		0A60E1742D930F9D00CA6AC5 /* SellTotalTableViewCell.swift in Sources */ = {isa = PBXBuildFile; fileRef = 0A60E1672D930F9D00CA6AC5 /* SellTotalTableViewCell.swift */; };
		0A60E1752D930F9D00CA6AC5 /* Status.swift in Sources */ = {isa = PBXBuildFile; fileRef = 0A60E1682D930F9D00CA6AC5 /* Status.swift */; };
		0A60E1762D930F9D00CA6AC5 /* Assets.xcassets in Resources */ = {isa = PBXBuildFile; fileRef = 0A60E15D2D930F9D00CA6AC5 /* Assets.xcassets */; };
		0A60E1782D930F9D00CA6AC5 /* LaunchScreen.storyboard in Resources */ = {isa = PBXBuildFile; fileRef = 0A60E1632D930F9D00CA6AC5 /* LaunchScreen.storyboard */; };
		0A60E1792D930F9D00CA6AC5 /* Main.storyboard in Resources */ = {isa = PBXBuildFile; fileRef = 0A60E1652D930F9D00CA6AC5 /* Main.storyboard */; };
		0A60E17C2D9445FA00CA6AC5 /* Tacklebox.swift in Sources */ = {isa = PBXBuildFile; fileRef = 0A60E17B2D9445FA00CA6AC5 /* Tacklebox.swift */; };
		0A60E17E2D9446FB00CA6AC5 /* SaveDataManager.swift in Sources */ = {isa = PBXBuildFile; fileRef = 0A60E17D2D9446FB00CA6AC5 /* SaveDataManager.swift */; };
		0A8943E72DA5794300E7B6AF /* SettingsViewController.swift in Sources */ = {isa = PBXBuildFile; fileRef = 0A8943E62DA5794300E7B6AF /* SettingsViewController.swift */; };
		0AB599072DA6CFF30017A54B /* OutOfBaitViewController.swift in Sources */ = {isa = PBXBuildFile; fileRef = 0AB599062DA6CFF30017A54B /* OutOfBaitViewController.swift */; };
		0AD4AE422D9DA36200472881 /* Location.swift in Sources */ = {isa = PBXBuildFile; fileRef = 0AD4AE412D9DA36200472881 /* Location.swift */; };
		0AD4AE442D9DB8CF00472881 /* LocationSelectionViewController.swift in Sources */ = {isa = PBXBuildFile; fileRef = 0AD4AE432D9DB8CF00472881 /* LocationSelectionViewController.swift */; };
		0AD4AE462D9DB90F00472881 /* LocationTableViewCell.swift in Sources */ = {isa = PBXBuildFile; fileRef = 0AD4AE452D9DB90F00472881 /* LocationTableViewCell.swift */; };
		0AFF47622D9C55F0007AF9C3 /* ShopViewController.swift in Sources */ = {isa = PBXBuildFile; fileRef = 0AFF47612D9C55F0007AF9C3 /* ShopViewController.swift */; };
		472785932DBFC18F003713D4 /* ShopController.swift in Sources */ = {isa = PBXBuildFile; fileRef = 472785922DBFC18F003713D4 /* ShopController.swift */; };
		DD509D5C2DC11DCA000CFE14 /* FishingDay.swift in Sources */ = {isa = PBXBuildFile; fileRef = DD509D5B2DC11DCA000CFE14 /* FishingDay.swift */; };
		DD509D5E2DC11DFC000CFE14 /* FishingReel.swift in Sources */ = {isa = PBXBuildFile; fileRef = DD509D5D2DC11DFC000CFE14 /* FishingReel.swift */; };
		DDB66A922DC91BEC00A68A81 /* bubble4.mp3 in Resources */ = {isa = PBXBuildFile; fileRef = DDB66A912DC91BEC00A68A81 /* bubble4.mp3 */; };
		DDB66A942DC91D4700A68A81 /* SoundManager.swift in Sources */ = {isa = PBXBuildFile; fileRef = DDB66A932DC91D4700A68A81 /* SoundManager.swift */; };
		DDED84DD2DCA593900B3832B /* bubble2.mp3 in Resources */ = {isa = PBXBuildFile; fileRef = DDED84DA2DCA593800B3832B /* bubble2.mp3 */; };
		DDED84DE2DCA593900B3832B /* bubble1.mp3 in Resources */ = {isa = PBXBuildFile; fileRef = DDED84D92DCA593800B3832B /* bubble1.mp3 */; };
		DDED84DF2DCA593900B3832B /* bubbleEngine.mp3 in Resources */ = {isa = PBXBuildFile; fileRef = DDED84DC2DCA593800B3832B /* bubbleEngine.mp3 */; };
		DDED84E02DCA593900B3832B /* bubble3.mp3 in Resources */ = {isa = PBXBuildFile; fileRef = DDED84DB2DCA593800B3832B /* bubble3.mp3 */; };
/* End PBXBuildFile section */

/* Begin PBXFileReference section */
		0A3B482D2D4B410600C2A497 /* Fishing Game.app */ = {isa = PBXFileReference; explicitFileType = wrapper.application; includeInIndex = 0; path = "Fishing Game.app"; sourceTree = BUILT_PRODUCTS_DIR; };
		0A3E67BB2DA44B6F0032AAB2 /* MainMenuViewController.swift */ = {isa = PBXFileReference; lastKnownFileType = sourcecode.swift; path = MainMenuViewController.swift; sourceTree = "<group>"; };
		0A60E1552D930F9D00CA6AC5 /* Fish.swift */ = {isa = PBXFileReference; lastKnownFileType = sourcecode.swift; path = Fish.swift; sourceTree = "<group>"; };
		0A60E1572D930F9D00CA6AC5 /* AquariumViewController.swift */ = {isa = PBXFileReference; lastKnownFileType = sourcecode.swift; path = AquariumViewController.swift; sourceTree = "<group>"; };
		0A60E1582D930F9D00CA6AC5 /* FishCaughtViewController.swift */ = {isa = PBXFileReference; lastKnownFileType = sourcecode.swift; path = FishCaughtViewController.swift; sourceTree = "<group>"; };
		0A60E1592D930F9D00CA6AC5 /* FishingScreenViewController.swift */ = {isa = PBXFileReference; lastKnownFileType = sourcecode.swift; path = FishingScreenViewController.swift; sourceTree = "<group>"; };
		0A60E15A2D930F9D00CA6AC5 /* SummaryScreenViewController.swift */ = {isa = PBXFileReference; lastKnownFileType = sourcecode.swift; path = SummaryScreenViewController.swift; sourceTree = "<group>"; };
		0A60E15C2D930F9D00CA6AC5 /* AppDelegate.swift */ = {isa = PBXFileReference; lastKnownFileType = sourcecode.swift; path = AppDelegate.swift; sourceTree = "<group>"; };
		0A60E15D2D930F9D00CA6AC5 /* Assets.xcassets */ = {isa = PBXFileReference; lastKnownFileType = folder.assetcatalog; path = Assets.xcassets; sourceTree = "<group>"; };
		0A60E15E2D930F9D00CA6AC5 /* CaughtFishTableViewCell.swift */ = {isa = PBXFileReference; lastKnownFileType = sourcecode.swift; path = CaughtFishTableViewCell.swift; sourceTree = "<group>"; };
		0A60E15F2D930F9D00CA6AC5 /* CustomTimers.swift */ = {isa = PBXFileReference; lastKnownFileType = sourcecode.swift; path = CustomTimers.swift; sourceTree = "<group>"; };
		0A60E1602D930F9D00CA6AC5 /* Double+Extensions.swift */ = {isa = PBXFileReference; lastKnownFileType = sourcecode.swift; path = "Double+Extensions.swift"; sourceTree = "<group>"; };
		0A60E1612D930F9D00CA6AC5 /* Info.plist */ = {isa = PBXFileReference; lastKnownFileType = text.plist.xml; path = Info.plist; sourceTree = "<group>"; };
		0A60E1622D930F9D00CA6AC5 /* Base */ = {isa = PBXFileReference; lastKnownFileType = file.storyboard; name = Base; path = Base.lproj/LaunchScreen.storyboard; sourceTree = "<group>"; };
		0A60E1642D930F9D00CA6AC5 /* Base */ = {isa = PBXFileReference; lastKnownFileType = file.storyboard; name = Base; path = Base.lproj/Main.storyboard; sourceTree = "<group>"; };
		0A60E1662D930F9D00CA6AC5 /* SceneDelegate.swift */ = {isa = PBXFileReference; lastKnownFileType = sourcecode.swift; path = SceneDelegate.swift; sourceTree = "<group>"; };
		0A60E1672D930F9D00CA6AC5 /* SellTotalTableViewCell.swift */ = {isa = PBXFileReference; lastKnownFileType = sourcecode.swift; path = SellTotalTableViewCell.swift; sourceTree = "<group>"; };
		0A60E1682D930F9D00CA6AC5 /* Status.swift */ = {isa = PBXFileReference; lastKnownFileType = sourcecode.swift; path = Status.swift; sourceTree = "<group>"; };
		0A60E17B2D9445FA00CA6AC5 /* Tacklebox.swift */ = {isa = PBXFileReference; lastKnownFileType = sourcecode.swift; path = Tacklebox.swift; sourceTree = "<group>"; };
		0A60E17D2D9446FB00CA6AC5 /* SaveDataManager.swift */ = {isa = PBXFileReference; lastKnownFileType = sourcecode.swift; path = SaveDataManager.swift; sourceTree = "<group>"; };
		0A8943E62DA5794300E7B6AF /* SettingsViewController.swift */ = {isa = PBXFileReference; lastKnownFileType = sourcecode.swift; path = SettingsViewController.swift; sourceTree = "<group>"; };
		0AB599062DA6CFF30017A54B /* OutOfBaitViewController.swift */ = {isa = PBXFileReference; lastKnownFileType = sourcecode.swift; path = OutOfBaitViewController.swift; sourceTree = "<group>"; };
		0AD4AE412D9DA36200472881 /* Location.swift */ = {isa = PBXFileReference; lastKnownFileType = sourcecode.swift; path = Location.swift; sourceTree = "<group>"; };
		0AD4AE432D9DB8CF00472881 /* LocationSelectionViewController.swift */ = {isa = PBXFileReference; lastKnownFileType = sourcecode.swift; path = LocationSelectionViewController.swift; sourceTree = "<group>"; };
		0AD4AE452D9DB90F00472881 /* LocationTableViewCell.swift */ = {isa = PBXFileReference; lastKnownFileType = sourcecode.swift; path = LocationTableViewCell.swift; sourceTree = "<group>"; };
		0AFF47612D9C55F0007AF9C3 /* ShopViewController.swift */ = {isa = PBXFileReference; lastKnownFileType = sourcecode.swift; path = ShopViewController.swift; sourceTree = "<group>"; };
		472785922DBFC18F003713D4 /* ShopController.swift */ = {isa = PBXFileReference; lastKnownFileType = sourcecode.swift; path = ShopController.swift; sourceTree = "<group>"; };
		DD509D5B2DC11DCA000CFE14 /* FishingDay.swift */ = {isa = PBXFileReference; lastKnownFileType = sourcecode.swift; path = FishingDay.swift; sourceTree = "<group>"; };
		DD509D5D2DC11DFC000CFE14 /* FishingReel.swift */ = {isa = PBXFileReference; lastKnownFileType = sourcecode.swift; path = FishingReel.swift; sourceTree = "<group>"; };
		DDB405E32DCBBD6700CFBD24 /* en */ = {isa = PBXFileReference; lastKnownFileType = text.plist.strings; name = en; path = en.lproj/Main.strings; sourceTree = "<group>"; };
		DDB405E42DCBBDC900CFBD24 /* fr */ = {isa = PBXFileReference; lastKnownFileType = text.plist.strings; name = fr; path = fr.lproj/Main.strings; sourceTree = "<group>"; };
		DDB405E62DCBBE4400CFBD24 /* es */ = {isa = PBXFileReference; lastKnownFileType = text.plist.strings; name = es; path = es.lproj/Main.strings; sourceTree = "<group>"; };
		DDB66A912DC91BEC00A68A81 /* bubble4.mp3 */ = {isa = PBXFileReference; lastKnownFileType = audio.mp3; path = bubble4.mp3; sourceTree = "<group>"; };
		DDB66A932DC91D4700A68A81 /* SoundManager.swift */ = {isa = PBXFileReference; lastKnownFileType = sourcecode.swift; path = SoundManager.swift; sourceTree = "<group>"; };
		DDED84D92DCA593800B3832B /* bubble1.mp3 */ = {isa = PBXFileReference; lastKnownFileType = audio.mp3; path = bubble1.mp3; sourceTree = "<group>"; };
		DDED84DA2DCA593800B3832B /* bubble2.mp3 */ = {isa = PBXFileReference; lastKnownFileType = audio.mp3; path = bubble2.mp3; sourceTree = "<group>"; };
		DDED84DB2DCA593800B3832B /* bubble3.mp3 */ = {isa = PBXFileReference; lastKnownFileType = audio.mp3; path = bubble3.mp3; sourceTree = "<group>"; };
		DDED84DC2DCA593800B3832B /* bubbleEngine.mp3 */ = {isa = PBXFileReference; lastKnownFileType = audio.mp3; path = bubbleEngine.mp3; sourceTree = "<group>"; };
/* End PBXFileReference section */

/* Begin PBXFrameworksBuildPhase section */
		0A3B482A2D4B410600C2A497 /* Frameworks */ = {
			isa = PBXFrameworksBuildPhase;
			buildActionMask = 2147483647;
			files = (
			);
			runOnlyForDeploymentPostprocessing = 0;
		};
/* End PBXFrameworksBuildPhase section */

/* Begin PBXGroup section */
		0A3B48242D4B410600C2A497 = {
			isa = PBXGroup;
			children = (
				0A60E1692D930F9D00CA6AC5 /* Fishing Game */,
				0A3B482E2D4B410600C2A497 /* Products */,
			);
			sourceTree = "<group>";
		};
		0A3B482E2D4B410600C2A497 /* Products */ = {
			isa = PBXGroup;
			children = (
				0A3B482D2D4B410600C2A497 /* Fishing Game.app */,
			);
			name = Products;
			sourceTree = "<group>";
		};
		0A60E1562D930F9D00CA6AC5 /* Model */ = {
			isa = PBXGroup;
			children = (
				0A60E1552D930F9D00CA6AC5 /* Fish.swift */,
				0A60E17B2D9445FA00CA6AC5 /* Tacklebox.swift */,
				0AD4AE412D9DA36200472881 /* Location.swift */,
			);
			path = Model;
			sourceTree = "<group>";
		};
		0A60E15B2D930F9D00CA6AC5 /* ViewControllers */ = {
			isa = PBXGroup;
			children = (
				0A3E67BB2DA44B6F0032AAB2 /* MainMenuViewController.swift */,
				0AD4AE432D9DB8CF00472881 /* LocationSelectionViewController.swift */,
				0A60E1572D930F9D00CA6AC5 /* AquariumViewController.swift */,
				0A60E1582D930F9D00CA6AC5 /* FishCaughtViewController.swift */,
				0A60E1592D930F9D00CA6AC5 /* FishingScreenViewController.swift */,
				DD509D5D2DC11DFC000CFE14 /* FishingReel.swift */,
				DD509D5B2DC11DCA000CFE14 /* FishingDay.swift */,
				0A60E15A2D930F9D00CA6AC5 /* SummaryScreenViewController.swift */,
				0AFF47612D9C55F0007AF9C3 /* ShopViewController.swift */,
				0A8943E62DA5794300E7B6AF /* SettingsViewController.swift */,
				0AB599062DA6CFF30017A54B /* OutOfBaitViewController.swift */,
			);
			path = ViewControllers;
			sourceTree = "<group>";
		};
		0A60E1692D930F9D00CA6AC5 /* Fishing Game */ = {
			isa = PBXGroup;
			children = (
				DDB66A902DC91BDC00A68A81 /* Sounds */,
				0A60E1562D930F9D00CA6AC5 /* Model */,
				0A60E15B2D930F9D00CA6AC5 /* ViewControllers */,
				0A60E15C2D930F9D00CA6AC5 /* AppDelegate.swift */,
				0A60E15D2D930F9D00CA6AC5 /* Assets.xcassets */,
				0A60E17A2D930FA900CA6AC5 /* Custom Cells */,
				0A60E15F2D930F9D00CA6AC5 /* CustomTimers.swift */,
				0A60E1602D930F9D00CA6AC5 /* Double+Extensions.swift */,
				0A60E1612D930F9D00CA6AC5 /* Info.plist */,
				0A60E1632D930F9D00CA6AC5 /* LaunchScreen.storyboard */,
				0A60E1652D930F9D00CA6AC5 /* Main.storyboard */,
				0A60E1662D930F9D00CA6AC5 /* SceneDelegate.swift */,
				0A60E1682D930F9D00CA6AC5 /* Status.swift */,
				0A60E17D2D9446FB00CA6AC5 /* SaveDataManager.swift */,
				472785922DBFC18F003713D4 /* ShopController.swift */,
			);
			path = "Fishing Game";
			sourceTree = "<group>";
		};
		0A60E17A2D930FA900CA6AC5 /* Custom Cells */ = {
			isa = PBXGroup;
			children = (
				0A60E15E2D930F9D00CA6AC5 /* CaughtFishTableViewCell.swift */,
				0A60E1672D930F9D00CA6AC5 /* SellTotalTableViewCell.swift */,
				0AD4AE452D9DB90F00472881 /* LocationTableViewCell.swift */,
			);
			path = "Custom Cells";
			sourceTree = "<group>";
		};
		DDB66A902DC91BDC00A68A81 /* Sounds */ = {
			isa = PBXGroup;
			children = (
				DDED84D92DCA593800B3832B /* bubble1.mp3 */,
				DDED84DA2DCA593800B3832B /* bubble2.mp3 */,
				DDED84DB2DCA593800B3832B /* bubble3.mp3 */,
				DDED84DC2DCA593800B3832B /* bubbleEngine.mp3 */,
				DDB66A912DC91BEC00A68A81 /* bubble4.mp3 */,
				DDB66A932DC91D4700A68A81 /* SoundManager.swift */,
			);
			path = Sounds;
			sourceTree = "<group>";
		};
/* End PBXGroup section */

/* Begin PBXNativeTarget section */
		0A3B482C2D4B410600C2A497 /* Fishing Game */ = {
			isa = PBXNativeTarget;
			buildConfigurationList = 0A3B48432D4B410800C2A497 /* Build configuration list for PBXNativeTarget "Fishing Game" */;
			buildPhases = (
				0A3B48292D4B410600C2A497 /* Sources */,
				0A3B482A2D4B410600C2A497 /* Frameworks */,
				0A3B482B2D4B410600C2A497 /* Resources */,
			);
			buildRules = (
			);
			dependencies = (
			);
			name = "Fishing Game";
			packageProductDependencies = (
			);
			productName = "Fishing Game";
			productReference = 0A3B482D2D4B410600C2A497 /* Fishing Game.app */;
			productType = "com.apple.product-type.application";
		};
/* End PBXNativeTarget section */

/* Begin PBXProject section */
		0A3B48252D4B410600C2A497 /* Project object */ = {
			isa = PBXProject;
			attributes = {
				BuildIndependentTargetsInParallel = 1;
				LastSwiftUpdateCheck = 1620;
				LastUpgradeCheck = 1620;
				TargetAttributes = {
					0A3B482C2D4B410600C2A497 = {
						CreatedOnToolsVersion = 16.2;
					};
				};
			};
			buildConfigurationList = 0A3B48282D4B410600C2A497 /* Build configuration list for PBXProject "Fishing Game" */;
			developmentRegion = en;
			hasScannedForEncodings = 0;
			knownRegions = (
				en,
				Base,
				fr,
				es,
			);
			mainGroup = 0A3B48242D4B410600C2A497;
			minimizedProjectReferenceProxies = 1;
			preferredProjectObjectVersion = 77;
			productRefGroup = 0A3B482E2D4B410600C2A497 /* Products */;
			projectDirPath = "";
			projectRoot = "";
			targets = (
				0A3B482C2D4B410600C2A497 /* Fishing Game */,
			);
		};
/* End PBXProject section */

/* Begin PBXResourcesBuildPhase section */
		0A3B482B2D4B410600C2A497 /* Resources */ = {
			isa = PBXResourcesBuildPhase;
			buildActionMask = 2147483647;
			files = (
				DDED84DD2DCA593900B3832B /* bubble2.mp3 in Resources */,
				DDED84DE2DCA593900B3832B /* bubble1.mp3 in Resources */,
				DDED84DF2DCA593900B3832B /* bubbleEngine.mp3 in Resources */,
				DDED84E02DCA593900B3832B /* bubble3.mp3 in Resources */,
				0A60E1762D930F9D00CA6AC5 /* Assets.xcassets in Resources */,
				0A60E1782D930F9D00CA6AC5 /* LaunchScreen.storyboard in Resources */,
				DDB66A922DC91BEC00A68A81 /* bubble4.mp3 in Resources */,
				0A60E1792D930F9D00CA6AC5 /* Main.storyboard in Resources */,
			);
			runOnlyForDeploymentPostprocessing = 0;
		};
/* End PBXResourcesBuildPhase section */

/* Begin PBXSourcesBuildPhase section */
		0A3B48292D4B410600C2A497 /* Sources */ = {
			isa = PBXSourcesBuildPhase;
			buildActionMask = 2147483647;
			files = (
				0A60E16A2D930F9D00CA6AC5 /* Fish.swift in Sources */,
				0A60E16B2D930F9D00CA6AC5 /* AquariumViewController.swift in Sources */,
				0AD4AE422D9DA36200472881 /* Location.swift in Sources */,
				0A8943E72DA5794300E7B6AF /* SettingsViewController.swift in Sources */,
				0AFF47622D9C55F0007AF9C3 /* ShopViewController.swift in Sources */,
				0A60E16C2D930F9D00CA6AC5 /* FishCaughtViewController.swift in Sources */,
				0A60E16D2D930F9D00CA6AC5 /* FishingScreenViewController.swift in Sources */,
				0A60E16E2D930F9D00CA6AC5 /* SummaryScreenViewController.swift in Sources */,
				0A60E16F2D930F9D00CA6AC5 /* AppDelegate.swift in Sources */,
				0AB599072DA6CFF30017A54B /* OutOfBaitViewController.swift in Sources */,
				0A60E1702D930F9D00CA6AC5 /* CaughtFishTableViewCell.swift in Sources */,
				0A60E1712D930F9D00CA6AC5 /* CustomTimers.swift in Sources */,
				0A60E17E2D9446FB00CA6AC5 /* SaveDataManager.swift in Sources */,
				0A60E1722D930F9D00CA6AC5 /* Double+Extensions.swift in Sources */,
				0AD4AE462D9DB90F00472881 /* LocationTableViewCell.swift in Sources */,
				0A60E1732D930F9D00CA6AC5 /* SceneDelegate.swift in Sources */,
				0A60E1742D930F9D00CA6AC5 /* SellTotalTableViewCell.swift in Sources */,
				DDB66A942DC91D4700A68A81 /* SoundManager.swift in Sources */,
				DD509D5E2DC11DFC000CFE14 /* FishingReel.swift in Sources */,
				0A60E1752D930F9D00CA6AC5 /* Status.swift in Sources */,
				0AD4AE442D9DB8CF00472881 /* LocationSelectionViewController.swift in Sources */,
				DD509D5C2DC11DCA000CFE14 /* FishingDay.swift in Sources */,
				0A3E67BC2DA44B6F0032AAB2 /* MainMenuViewController.swift in Sources */,
				0A60E17C2D9445FA00CA6AC5 /* Tacklebox.swift in Sources */,
				472785932DBFC18F003713D4 /* ShopController.swift in Sources */,
			);
			runOnlyForDeploymentPostprocessing = 0;
		};
/* End PBXSourcesBuildPhase section */

/* Begin PBXVariantGroup section */
		0A60E1632D930F9D00CA6AC5 /* LaunchScreen.storyboard */ = {
			isa = PBXVariantGroup;
			children = (
				0A60E1622D930F9D00CA6AC5 /* Base */,
			);
			name = LaunchScreen.storyboard;
			sourceTree = "<group>";
		};
		0A60E1652D930F9D00CA6AC5 /* Main.storyboard */ = {
			isa = PBXVariantGroup;
			children = (
				0A60E1642D930F9D00CA6AC5 /* Base */,
				DDB405E32DCBBD6700CFBD24 /* en */,
				DDB405E42DCBBDC900CFBD24 /* fr */,
				DDB405E62DCBBE4400CFBD24 /* es */,
			);
			name = Main.storyboard;
			sourceTree = "<group>";
		};
/* End PBXVariantGroup section */

/* Begin XCBuildConfiguration section */
		0A3B48442D4B410800C2A497 /* Debug */ = {
			isa = XCBuildConfiguration;
			buildSettings = {
				ASSETCATALOG_COMPILER_APPICON_NAME = AppIcon;
				ASSETCATALOG_COMPILER_GLOBAL_ACCENT_COLOR_NAME = AccentColor;
				CODE_SIGN_STYLE = Automatic;
				CURRENT_PROJECT_VERSION = 1;
				DEVELOPMENT_TEAM = SR297L5V26;
				GENERATE_INFOPLIST_FILE = YES;
				INFOPLIST_FILE = "Fishing Game/Info.plist";
				INFOPLIST_KEY_UIApplicationSupportsIndirectInputEvents = YES;
				INFOPLIST_KEY_UILaunchStoryboardName = LaunchScreen;
				INFOPLIST_KEY_UIMainStoryboardFile = Main;
				INFOPLIST_KEY_UISupportedInterfaceOrientations_iPad = "UIInterfaceOrientationPortrait UIInterfaceOrientationPortraitUpsideDown UIInterfaceOrientationLandscapeLeft UIInterfaceOrientationLandscapeRight";
				INFOPLIST_KEY_UISupportedInterfaceOrientations_iPhone = "UIInterfaceOrientationPortrait UIInterfaceOrientationLandscapeLeft UIInterfaceOrientationLandscapeRight";
				LD_RUNPATH_SEARCH_PATHS = (
					"$(inherited)",
					"@executable_path/Frameworks",
				);
				MARKETING_VERSION = 1.0;
				PRODUCT_BUNDLE_IDENTIFIER = "mtechiosdevelopment.Fishing-Game";
				PRODUCT_NAME = "$(TARGET_NAME)";
				SWIFT_EMIT_LOC_STRINGS = YES;
				SWIFT_VERSION = 5.0;
				TARGETED_DEVICE_FAMILY = "1,2";
			};
			name = Debug;
		};
		0A3B48452D4B410800C2A497 /* Release */ = {
			isa = XCBuildConfiguration;
			buildSettings = {
				ASSETCATALOG_COMPILER_APPICON_NAME = AppIcon;
				ASSETCATALOG_COMPILER_GLOBAL_ACCENT_COLOR_NAME = AccentColor;
				CODE_SIGN_STYLE = Automatic;
				CURRENT_PROJECT_VERSION = 1;
				DEVELOPMENT_TEAM = SR297L5V26;
				GENERATE_INFOPLIST_FILE = YES;
				INFOPLIST_FILE = "Fishing Game/Info.plist";
				INFOPLIST_KEY_UIApplicationSupportsIndirectInputEvents = YES;
				INFOPLIST_KEY_UILaunchStoryboardName = LaunchScreen;
				INFOPLIST_KEY_UIMainStoryboardFile = Main;
				INFOPLIST_KEY_UISupportedInterfaceOrientations_iPad = "UIInterfaceOrientationPortrait UIInterfaceOrientationPortraitUpsideDown UIInterfaceOrientationLandscapeLeft UIInterfaceOrientationLandscapeRight";
				INFOPLIST_KEY_UISupportedInterfaceOrientations_iPhone = "UIInterfaceOrientationPortrait UIInterfaceOrientationLandscapeLeft UIInterfaceOrientationLandscapeRight";
				LD_RUNPATH_SEARCH_PATHS = (
					"$(inherited)",
					"@executable_path/Frameworks",
				);
				MARKETING_VERSION = 1.0;
				PRODUCT_BUNDLE_IDENTIFIER = "mtechiosdevelopment.Fishing-Game";
				PRODUCT_NAME = "$(TARGET_NAME)";
				SWIFT_EMIT_LOC_STRINGS = YES;
				SWIFT_VERSION = 5.0;
				TARGETED_DEVICE_FAMILY = "1,2";
			};
			name = Release;
		};
		0A3B48462D4B410800C2A497 /* Debug */ = {
			isa = XCBuildConfiguration;
			buildSettings = {
				ALWAYS_SEARCH_USER_PATHS = NO;
				ASSETCATALOG_COMPILER_GENERATE_SWIFT_ASSET_SYMBOL_EXTENSIONS = YES;
				CLANG_ANALYZER_LOCALIZABILITY_NONLOCALIZED = YES;
				CLANG_ANALYZER_NONNULL = YES;
				CLANG_ANALYZER_NUMBER_OBJECT_CONVERSION = YES_AGGRESSIVE;
				CLANG_CXX_LANGUAGE_STANDARD = "gnu++20";
				CLANG_ENABLE_MODULES = YES;
				CLANG_ENABLE_OBJC_ARC = YES;
				CLANG_ENABLE_OBJC_WEAK = YES;
				CLANG_WARN_BLOCK_CAPTURE_AUTORELEASING = YES;
				CLANG_WARN_BOOL_CONVERSION = YES;
				CLANG_WARN_COMMA = YES;
				CLANG_WARN_CONSTANT_CONVERSION = YES;
				CLANG_WARN_DEPRECATED_OBJC_IMPLEMENTATIONS = YES;
				CLANG_WARN_DIRECT_OBJC_ISA_USAGE = YES_ERROR;
				CLANG_WARN_DOCUMENTATION_COMMENTS = YES;
				CLANG_WARN_EMPTY_BODY = YES;
				CLANG_WARN_ENUM_CONVERSION = YES;
				CLANG_WARN_INFINITE_RECURSION = YES;
				CLANG_WARN_INT_CONVERSION = YES;
				CLANG_WARN_NON_LITERAL_NULL_CONVERSION = YES;
				CLANG_WARN_OBJC_IMPLICIT_RETAIN_SELF = YES;
				CLANG_WARN_OBJC_LITERAL_CONVERSION = YES;
				CLANG_WARN_OBJC_ROOT_CLASS = YES_ERROR;
				CLANG_WARN_QUOTED_INCLUDE_IN_FRAMEWORK_HEADER = YES;
				CLANG_WARN_RANGE_LOOP_ANALYSIS = YES;
				CLANG_WARN_STRICT_PROTOTYPES = YES;
				CLANG_WARN_SUSPICIOUS_MOVE = YES;
				CLANG_WARN_UNGUARDED_AVAILABILITY = YES_AGGRESSIVE;
				CLANG_WARN_UNREACHABLE_CODE = YES;
				CLANG_WARN__DUPLICATE_METHOD_MATCH = YES;
				COPY_PHASE_STRIP = NO;
				DEBUG_INFORMATION_FORMAT = dwarf;
				ENABLE_STRICT_OBJC_MSGSEND = YES;
				ENABLE_TESTABILITY = YES;
				ENABLE_USER_SCRIPT_SANDBOXING = YES;
				GCC_C_LANGUAGE_STANDARD = gnu17;
				GCC_DYNAMIC_NO_PIC = NO;
				GCC_NO_COMMON_BLOCKS = YES;
				GCC_OPTIMIZATION_LEVEL = 0;
				GCC_PREPROCESSOR_DEFINITIONS = (
					"DEBUG=1",
					"$(inherited)",
				);
				GCC_WARN_64_TO_32_BIT_CONVERSION = YES;
				GCC_WARN_ABOUT_RETURN_TYPE = YES_ERROR;
				GCC_WARN_UNDECLARED_SELECTOR = YES;
				GCC_WARN_UNINITIALIZED_AUTOS = YES_AGGRESSIVE;
				GCC_WARN_UNUSED_FUNCTION = YES;
				GCC_WARN_UNUSED_VARIABLE = YES;
				IPHONEOS_DEPLOYMENT_TARGET = 18.2;
				LOCALIZATION_PREFERS_STRING_CATALOGS = YES;
				MTL_ENABLE_DEBUG_INFO = INCLUDE_SOURCE;
				MTL_FAST_MATH = YES;
				ONLY_ACTIVE_ARCH = YES;
				SDKROOT = iphoneos;
				SWIFT_ACTIVE_COMPILATION_CONDITIONS = "DEBUG $(inherited)";
				SWIFT_OPTIMIZATION_LEVEL = "-Onone";
			};
			name = Debug;
		};
		0A3B48472D4B410800C2A497 /* Release */ = {
			isa = XCBuildConfiguration;
			buildSettings = {
				ALWAYS_SEARCH_USER_PATHS = NO;
				ASSETCATALOG_COMPILER_GENERATE_SWIFT_ASSET_SYMBOL_EXTENSIONS = YES;
				CLANG_ANALYZER_LOCALIZABILITY_NONLOCALIZED = YES;
				CLANG_ANALYZER_NONNULL = YES;
				CLANG_ANALYZER_NUMBER_OBJECT_CONVERSION = YES_AGGRESSIVE;
				CLANG_CXX_LANGUAGE_STANDARD = "gnu++20";
				CLANG_ENABLE_MODULES = YES;
				CLANG_ENABLE_OBJC_ARC = YES;
				CLANG_ENABLE_OBJC_WEAK = YES;
				CLANG_WARN_BLOCK_CAPTURE_AUTORELEASING = YES;
				CLANG_WARN_BOOL_CONVERSION = YES;
				CLANG_WARN_COMMA = YES;
				CLANG_WARN_CONSTANT_CONVERSION = YES;
				CLANG_WARN_DEPRECATED_OBJC_IMPLEMENTATIONS = YES;
				CLANG_WARN_DIRECT_OBJC_ISA_USAGE = YES_ERROR;
				CLANG_WARN_DOCUMENTATION_COMMENTS = YES;
				CLANG_WARN_EMPTY_BODY = YES;
				CLANG_WARN_ENUM_CONVERSION = YES;
				CLANG_WARN_INFINITE_RECURSION = YES;
				CLANG_WARN_INT_CONVERSION = YES;
				CLANG_WARN_NON_LITERAL_NULL_CONVERSION = YES;
				CLANG_WARN_OBJC_IMPLICIT_RETAIN_SELF = YES;
				CLANG_WARN_OBJC_LITERAL_CONVERSION = YES;
				CLANG_WARN_OBJC_ROOT_CLASS = YES_ERROR;
				CLANG_WARN_QUOTED_INCLUDE_IN_FRAMEWORK_HEADER = YES;
				CLANG_WARN_RANGE_LOOP_ANALYSIS = YES;
				CLANG_WARN_STRICT_PROTOTYPES = YES;
				CLANG_WARN_SUSPICIOUS_MOVE = YES;
				CLANG_WARN_UNGUARDED_AVAILABILITY = YES_AGGRESSIVE;
				CLANG_WARN_UNREACHABLE_CODE = YES;
				CLANG_WARN__DUPLICATE_METHOD_MATCH = YES;
				COPY_PHASE_STRIP = NO;
				DEBUG_INFORMATION_FORMAT = "dwarf-with-dsym";
				ENABLE_NS_ASSERTIONS = NO;
				ENABLE_STRICT_OBJC_MSGSEND = YES;
				ENABLE_USER_SCRIPT_SANDBOXING = YES;
				GCC_C_LANGUAGE_STANDARD = gnu17;
				GCC_NO_COMMON_BLOCKS = YES;
				GCC_WARN_64_TO_32_BIT_CONVERSION = YES;
				GCC_WARN_ABOUT_RETURN_TYPE = YES_ERROR;
				GCC_WARN_UNDECLARED_SELECTOR = YES;
				GCC_WARN_UNINITIALIZED_AUTOS = YES_AGGRESSIVE;
				GCC_WARN_UNUSED_FUNCTION = YES;
				GCC_WARN_UNUSED_VARIABLE = YES;
				IPHONEOS_DEPLOYMENT_TARGET = 18.2;
				LOCALIZATION_PREFERS_STRING_CATALOGS = YES;
				MTL_ENABLE_DEBUG_INFO = NO;
				MTL_FAST_MATH = YES;
				SDKROOT = iphoneos;
				SWIFT_COMPILATION_MODE = wholemodule;
				VALIDATE_PRODUCT = YES;
			};
			name = Release;
		};
/* End XCBuildConfiguration section */

/* Begin XCConfigurationList section */
		0A3B48282D4B410600C2A497 /* Build configuration list for PBXProject "Fishing Game" */ = {
			isa = XCConfigurationList;
			buildConfigurations = (
				0A3B48462D4B410800C2A497 /* Debug */,
				0A3B48472D4B410800C2A497 /* Release */,
			);
			defaultConfigurationIsVisible = 0;
			defaultConfigurationName = Release;
		};
		0A3B48432D4B410800C2A497 /* Build configuration list for PBXNativeTarget "Fishing Game" */ = {
			isa = XCConfigurationList;
			buildConfigurations = (
				0A3B48442D4B410800C2A497 /* Debug */,
				0A3B48452D4B410800C2A497 /* Release */,
			);
			defaultConfigurationIsVisible = 0;
			defaultConfigurationName = Release;
		};
/* End XCConfigurationList section */
	};
	rootObject = 0A3B48252D4B410600C2A497 /* Project object */;
}
